
Microsoft Visual Studio Solution File, Format Version 12.00
# Visual Studio Version 16
VisualStudioVersion = 16.0.29509.3
MinimumVisualStudioVersion = 10.0.40219.1
Project("{9A19103F-16F7-4668-BE54-9A1E7A4F7556}") = "12. OddOccurrences", "12. OddOccurrences\12. OddOccurrences.csproj", "{28B0D9FD-5E6A-4690-A2D8-954CFE72D066}"
EndProject
Project("{FAE04EC0-301F-11D3-BF4B-00C04F79EFBC}") = "02. CountRealNumbers", "02. CountRealNumbers\02. CountRealNumbers.csproj", "{307B48C8-52C7-4199-9889-3D2CB741BF13}"
EndProject
Global
	GlobalSection(SolutionConfigurationPlatforms) = preSolution
		Debug|Any CPU = Debug|Any CPU
		Release|Any CPU = Release|Any CPU
	EndGlobalSection
	GlobalSection(ProjectConfigurationPlatforms) = postSolution
		{28B0D9FD-5E6A-4690-A2D8-954CFE72D066}.Debug|Any CPU.ActiveCfg = Debug|Any CPU
		{28B0D9FD-5E6A-4690-A2D8-954CFE72D066}.Debug|Any CPU.Build.0 = Debug|Any CPU
		{28B0D9FD-5E6A-4690-A2D8-954CFE72D066}.Release|Any CPU.ActiveCfg = Release|Any CPU
		{28B0D9FD-5E6A-4690-A2D8-954CFE72D066}.Release|Any CPU.Build.0 = Release|Any CPU
		{307B48C8-52C7-4199-9889-3D2CB741BF13}.Debug|Any CPU.ActiveCfg = Debug|Any CPU
		{307B48C8-52C7-4199-9889-3D2CB741BF13}.Debug|Any CPU.Build.0 = Debug|Any CPU
		{307B48C8-52C7-4199-9889-3D2CB741BF13}.Release|Any CPU.ActiveCfg = Release|Any CPU
		{307B48C8-52C7-4199-9889-3D2CB741BF13}.Release|Any CPU.Build.0 = Release|Any CPU
	EndGlobalSection
	GlobalSection(SolutionProperties) = preSolution
		HideSolutionNode = FALSE
	EndGlobalSection
	GlobalSection(ExtensibilityGlobals) = postSolution
		SolutionGuid = {EF67D264-0E74-434C-B1DC-AD844273602E}
	EndGlobalSection
EndGlobal
