
Microsoft Visual Studio Solution File, Format Version 12.00
# Visual Studio Version 16
VisualStudioVersion = 16.0.29806.167
MinimumVisualStudioVersion = 10.0.40219.1
Project("{9A19103F-16F7-4668-BE54-9A1E7A4F7556}") = "01. ArrayData", "01. ArrayData\01. ArrayData.csproj", "{A1A2E072-F508-4637-849F-4DC644CCAC51}"
EndProject
Project("{9A19103F-16F7-4668-BE54-9A1E7A4F7556}") = "02. StringDecryption", "02. StringDecryption\02. StringDecryption.csproj", "{3F1ED5E1-D76E-4D1B-A74B-3CA5D36CE066}"
EndProject
Project("{9A19103F-16F7-4668-BE54-9A1E7A4F7556}") = "03. Camping", "03. Camping\03. Camping.csproj", "{AAA6DC96-B72E-455C-BDB5-EB85C811E7EA}"
EndProject
Project("{9A19103F-16F7-4668-BE54-9A1E7A4F7556}") = "04. MostValuedCustomer", "04. MostValuedCustomer\04. MostValuedCustomer.csproj", "{44CF5BCD-2F7E-4BCF-8345-1166F0C3955F}"
EndProject
Project("{9A19103F-16F7-4668-BE54-9A1E7A4F7556}") = "05. LambadaExpressions", "05. LambadaExpressions\05. LambadaExpressions.csproj", "{5CAADBBF-D789-4408-868C-68BFFFF7F9AC}"
EndProject
Project("{9A19103F-16F7-4668-BE54-9A1E7A4F7556}") = "06. OrderedBankingSystem", "06. OrderedBankingSystem\06. OrderedBankingSystem.csproj", "{6AB5A53D-B463-459E-9BAC-CAAF2ADE753C}"
EndProject
Project("{FAE04EC0-301F-11D3-BF4B-00C04F79EFBC}") = "07. LINQuistics", "07. LINQuistics\07. LINQuistics.csproj", "{832A7344-6D24-40B1-8FD2-30BE736DAEAB}"
EndProject
Global
	GlobalSection(SolutionConfigurationPlatforms) = preSolution
		Debug|Any CPU = Debug|Any CPU
		Release|Any CPU = Release|Any CPU
	EndGlobalSection
	GlobalSection(ProjectConfigurationPlatforms) = postSolution
		{A1A2E072-F508-4637-849F-4DC644CCAC51}.Debug|Any CPU.ActiveCfg = Debug|Any CPU
		{A1A2E072-F508-4637-849F-4DC644CCAC51}.Debug|Any CPU.Build.0 = Debug|Any CPU
		{A1A2E072-F508-4637-849F-4DC644CCAC51}.Release|Any CPU.ActiveCfg = Release|Any CPU
		{A1A2E072-F508-4637-849F-4DC644CCAC51}.Release|Any CPU.Build.0 = Release|Any CPU
		{3F1ED5E1-D76E-4D1B-A74B-3CA5D36CE066}.Debug|Any CPU.ActiveCfg = Debug|Any CPU
		{3F1ED5E1-D76E-4D1B-A74B-3CA5D36CE066}.Debug|Any CPU.Build.0 = Debug|Any CPU
		{3F1ED5E1-D76E-4D1B-A74B-3CA5D36CE066}.Release|Any CPU.ActiveCfg = Release|Any CPU
		{3F1ED5E1-D76E-4D1B-A74B-3CA5D36CE066}.Release|Any CPU.Build.0 = Release|Any CPU
		{AAA6DC96-B72E-455C-BDB5-EB85C811E7EA}.Debug|Any CPU.ActiveCfg = Debug|Any CPU
		{AAA6DC96-B72E-455C-BDB5-EB85C811E7EA}.Debug|Any CPU.Build.0 = Debug|Any CPU
		{AAA6DC96-B72E-455C-BDB5-EB85C811E7EA}.Release|Any CPU.ActiveCfg = Release|Any CPU
		{AAA6DC96-B72E-455C-BDB5-EB85C811E7EA}.Release|Any CPU.Build.0 = Release|Any CPU
		{44CF5BCD-2F7E-4BCF-8345-1166F0C3955F}.Debug|Any CPU.ActiveCfg = Debug|Any CPU
		{44CF5BCD-2F7E-4BCF-8345-1166F0C3955F}.Debug|Any CPU.Build.0 = Debug|Any CPU
		{44CF5BCD-2F7E-4BCF-8345-1166F0C3955F}.Release|Any CPU.ActiveCfg = Release|Any CPU
		{44CF5BCD-2F7E-4BCF-8345-1166F0C3955F}.Release|Any CPU.Build.0 = Release|Any CPU
		{5CAADBBF-D789-4408-868C-68BFFFF7F9AC}.Debug|Any CPU.ActiveCfg = Debug|Any CPU
		{5CAADBBF-D789-4408-868C-68BFFFF7F9AC}.Debug|Any CPU.Build.0 = Debug|Any CPU
		{5CAADBBF-D789-4408-868C-68BFFFF7F9AC}.Release|Any CPU.ActiveCfg = Release|Any CPU
		{5CAADBBF-D789-4408-868C-68BFFFF7F9AC}.Release|Any CPU.Build.0 = Release|Any CPU
		{6AB5A53D-B463-459E-9BAC-CAAF2ADE753C}.Debug|Any CPU.ActiveCfg = Debug|Any CPU
		{6AB5A53D-B463-459E-9BAC-CAAF2ADE753C}.Debug|Any CPU.Build.0 = Debug|Any CPU
		{6AB5A53D-B463-459E-9BAC-CAAF2ADE753C}.Release|Any CPU.ActiveCfg = Release|Any CPU
		{6AB5A53D-B463-459E-9BAC-CAAF2ADE753C}.Release|Any CPU.Build.0 = Release|Any CPU
		{832A7344-6D24-40B1-8FD2-30BE736DAEAB}.Debug|Any CPU.ActiveCfg = Debug|Any CPU
		{832A7344-6D24-40B1-8FD2-30BE736DAEAB}.Debug|Any CPU.Build.0 = Debug|Any CPU
		{832A7344-6D24-40B1-8FD2-30BE736DAEAB}.Release|Any CPU.ActiveCfg = Release|Any CPU
		{832A7344-6D24-40B1-8FD2-30BE736DAEAB}.Release|Any CPU.Build.0 = Release|Any CPU
	EndGlobalSection
	GlobalSection(SolutionProperties) = preSolution
		HideSolutionNode = FALSE
	EndGlobalSection
	GlobalSection(ExtensibilityGlobals) = postSolution
		SolutionGuid = {0DE739A0-B7AE-496D-ACAB-1D94AA67F728}
	EndGlobalSection
EndGlobal
