
Microsoft Visual Studio Solution File, Format Version 12.00
# Visual Studio Version 16
VisualStudioVersion = 16.0.29509.3
MinimumVisualStudioVersion = 10.0.40219.1
Project("{9A19103F-16F7-4668-BE54-9A1E7A4F7556}") = "01. DistinctList", "01. DistinctList\01. DistinctList.csproj", "{AB4FCFB5-3C1A-43E6-9A01-82D6A0E90B20}"
EndProject
Project("{9A19103F-16F7-4668-BE54-9A1E7A4F7556}") = "02. IntegerInsertion", "02. IntegerInsertion\02. IntegerInsertion.csproj", "{4BF83E40-A3CD-40B2-884D-3E6FB567BF2C}"
EndProject
Project("{9A19103F-16F7-4668-BE54-9A1E7A4F7556}") = "03. CamelsBack", "03. CamelsBack\03. CamelsBack.csproj", "{F8B9C708-0029-4931-AC63-A8D567D781B2}"
EndProject
Project("{9A19103F-16F7-4668-BE54-9A1E7A4F7556}") = "04. UnunionLists", "04. UnunionLists\04. UnunionLists.csproj", "{3DCD6674-A3F2-4B1F-9BCF-FCF7C2B35C07}"
EndProject
Project("{9A19103F-16F7-4668-BE54-9A1E7A4F7556}") = "05. NoteStatistics", "05. NoteStatistics\05. NoteStatistics.csproj", "{B3BC3169-9658-487A-B7E2-A871DA6F46E9}"
EndProject
Project("{9A19103F-16F7-4668-BE54-9A1E7A4F7556}") = "06.  Winecraft", "06.  Winecraft\06.  Winecraft.csproj", "{9A1DAB30-A29D-4310-B09A-602CB7C62D8F}"
EndProject
Global
	GlobalSection(SolutionConfigurationPlatforms) = preSolution
		Debug|Any CPU = Debug|Any CPU
		Release|Any CPU = Release|Any CPU
	EndGlobalSection
	GlobalSection(ProjectConfigurationPlatforms) = postSolution
		{AB4FCFB5-3C1A-43E6-9A01-82D6A0E90B20}.Debug|Any CPU.ActiveCfg = Debug|Any CPU
		{AB4FCFB5-3C1A-43E6-9A01-82D6A0E90B20}.Debug|Any CPU.Build.0 = Debug|Any CPU
		{AB4FCFB5-3C1A-43E6-9A01-82D6A0E90B20}.Release|Any CPU.ActiveCfg = Release|Any CPU
		{AB4FCFB5-3C1A-43E6-9A01-82D6A0E90B20}.Release|Any CPU.Build.0 = Release|Any CPU
		{4BF83E40-A3CD-40B2-884D-3E6FB567BF2C}.Debug|Any CPU.ActiveCfg = Debug|Any CPU
		{4BF83E40-A3CD-40B2-884D-3E6FB567BF2C}.Debug|Any CPU.Build.0 = Debug|Any CPU
		{4BF83E40-A3CD-40B2-884D-3E6FB567BF2C}.Release|Any CPU.ActiveCfg = Release|Any CPU
		{4BF83E40-A3CD-40B2-884D-3E6FB567BF2C}.Release|Any CPU.Build.0 = Release|Any CPU
		{F8B9C708-0029-4931-AC63-A8D567D781B2}.Debug|Any CPU.ActiveCfg = Debug|Any CPU
		{F8B9C708-0029-4931-AC63-A8D567D781B2}.Debug|Any CPU.Build.0 = Debug|Any CPU
		{F8B9C708-0029-4931-AC63-A8D567D781B2}.Release|Any CPU.ActiveCfg = Release|Any CPU
		{F8B9C708-0029-4931-AC63-A8D567D781B2}.Release|Any CPU.Build.0 = Release|Any CPU
		{3DCD6674-A3F2-4B1F-9BCF-FCF7C2B35C07}.Debug|Any CPU.ActiveCfg = Debug|Any CPU
		{3DCD6674-A3F2-4B1F-9BCF-FCF7C2B35C07}.Debug|Any CPU.Build.0 = Debug|Any CPU
		{3DCD6674-A3F2-4B1F-9BCF-FCF7C2B35C07}.Release|Any CPU.ActiveCfg = Release|Any CPU
		{3DCD6674-A3F2-4B1F-9BCF-FCF7C2B35C07}.Release|Any CPU.Build.0 = Release|Any CPU
		{B3BC3169-9658-487A-B7E2-A871DA6F46E9}.Debug|Any CPU.ActiveCfg = Debug|Any CPU
		{B3BC3169-9658-487A-B7E2-A871DA6F46E9}.Debug|Any CPU.Build.0 = Debug|Any CPU
		{B3BC3169-9658-487A-B7E2-A871DA6F46E9}.Release|Any CPU.ActiveCfg = Release|Any CPU
		{B3BC3169-9658-487A-B7E2-A871DA6F46E9}.Release|Any CPU.Build.0 = Release|Any CPU
		{9A1DAB30-A29D-4310-B09A-602CB7C62D8F}.Debug|Any CPU.ActiveCfg = Debug|Any CPU
		{9A1DAB30-A29D-4310-B09A-602CB7C62D8F}.Debug|Any CPU.Build.0 = Debug|Any CPU
		{9A1DAB30-A29D-4310-B09A-602CB7C62D8F}.Release|Any CPU.ActiveCfg = Release|Any CPU
		{9A1DAB30-A29D-4310-B09A-602CB7C62D8F}.Release|Any CPU.Build.0 = Release|Any CPU
	EndGlobalSection
	GlobalSection(SolutionProperties) = preSolution
		HideSolutionNode = FALSE
	EndGlobalSection
	GlobalSection(ExtensibilityGlobals) = postSolution
		SolutionGuid = {DCB0AA9E-73F5-4FF3-BFBD-6E10B73FEFA6}
	EndGlobalSection
EndGlobal
